
Microsoft Visual Studio Solution File, Format Version 12.00
# Visual Studio 15
VisualStudioVersion = 15.0.28307.1209
MinimumVisualStudioVersion = 10.0.40219.1
Project("{2150E333-8FDC-42A3-9474-1A3956D46DE8}") = "Microservices", "Microservices", "{FE8C05C6-AAFC-4B91-97BF-1A9CF2539756}"
EndProject
Project("{2150E333-8FDC-42A3-9474-1A3956D46DE8}") = "Domain", "Domain", "{A04D6D3B-3DFD-43A7-8636-8286F203BA35}"
EndProject
Project("{2150E333-8FDC-42A3-9474-1A3956D46DE8}") = "Infra.Bus", "Infra.Bus", "{1ACC4B31-AAB4-48FF-866E-BE1CCC630C45}"
EndProject
Project("{2150E333-8FDC-42A3-9474-1A3956D46DE8}") = "Infra.IoC", "Infra.IoC", "{BD97C8BA-FBCD-491E-9698-FA6D399644A5}"
EndProject
Project("{2150E333-8FDC-42A3-9474-1A3956D46DE8}") = "Presentation", "Presentation", "{E6E3CDB9-B71E-4307-B7F9-721C23946AFD}"
EndProject
Project("{9A19103F-16F7-4668-BE54-9A1E7A4F7556}") = "MicroRabbit.Domain.Core", "MicroRabbit.Domain.Core\MicroRabbit.Domain.Core.csproj", "{CF15EE3F-8127-49C4-9D0F-962CD8D0DBB5}"
EndProject
Project("{FAE04EC0-301F-11D3-BF4B-00C04F79EFBC}") = "MicroRabbit.Infra.Bus", "MicroRabbit.Infra.Bus\MicroRabbit.Infra.Bus.csproj", "{82BE8D97-DCC9-404B-B6B4-61D8BA5E9BAF}"
EndProject
Project("{FAE04EC0-301F-11D3-BF4B-00C04F79EFBC}") = "MicroRabbit.Infra.IoC", "MicroRabbit.Infra.IoC\MicroRabbit.Infra.IoC.csproj", "{83FE6FC0-1EA1-4C03-9235-FDE55EFA234F}"
EndProject
Global
	GlobalSection(SolutionConfigurationPlatforms) = preSolution
		Debug|Any CPU = Debug|Any CPU
		Release|Any CPU = Release|Any CPU
	EndGlobalSection
	GlobalSection(ProjectConfigurationPlatforms) = postSolution
		{CF15EE3F-8127-49C4-9D0F-962CD8D0DBB5}.Debug|Any CPU.ActiveCfg = Debug|Any CPU
		{CF15EE3F-8127-49C4-9D0F-962CD8D0DBB5}.Debug|Any CPU.Build.0 = Debug|Any CPU
		{CF15EE3F-8127-49C4-9D0F-962CD8D0DBB5}.Release|Any CPU.ActiveCfg = Release|Any CPU
		{CF15EE3F-8127-49C4-9D0F-962CD8D0DBB5}.Release|Any CPU.Build.0 = Release|Any CPU
		{82BE8D97-DCC9-404B-B6B4-61D8BA5E9BAF}.Debug|Any CPU.ActiveCfg = Debug|Any CPU
		{82BE8D97-DCC9-404B-B6B4-61D8BA5E9BAF}.Debug|Any CPU.Build.0 = Debug|Any CPU
		{82BE8D97-DCC9-404B-B6B4-61D8BA5E9BAF}.Release|Any CPU.ActiveCfg = Release|Any CPU
		{82BE8D97-DCC9-404B-B6B4-61D8BA5E9BAF}.Release|Any CPU.Build.0 = Release|Any CPU
		{83FE6FC0-1EA1-4C03-9235-FDE55EFA234F}.Debug|Any CPU.ActiveCfg = Debug|Any CPU
		{83FE6FC0-1EA1-4C03-9235-FDE55EFA234F}.Debug|Any CPU.Build.0 = Debug|Any CPU
		{83FE6FC0-1EA1-4C03-9235-FDE55EFA234F}.Release|Any CPU.ActiveCfg = Release|Any CPU
		{83FE6FC0-1EA1-4C03-9235-FDE55EFA234F}.Release|Any CPU.Build.0 = Release|Any CPU
	EndGlobalSection
	GlobalSection(SolutionProperties) = preSolution
		HideSolutionNode = FALSE
	EndGlobalSection
	GlobalSection(NestedProjects) = preSolution
		{CF15EE3F-8127-49C4-9D0F-962CD8D0DBB5} = {A04D6D3B-3DFD-43A7-8636-8286F203BA35}
		{82BE8D97-DCC9-404B-B6B4-61D8BA5E9BAF} = {1ACC4B31-AAB4-48FF-866E-BE1CCC630C45}
		{83FE6FC0-1EA1-4C03-9235-FDE55EFA234F} = {BD97C8BA-FBCD-491E-9698-FA6D399644A5}
	EndGlobalSection
	GlobalSection(ExtensibilityGlobals) = postSolution
		SolutionGuid = {850865A1-EA38-40BB-A4CA-6876102BA51F}
	EndGlobalSection
EndGlobal
